{
    "_readme": [
        "This file locks the dependencies of your project to a known state",
        "Read more about it at https://getcomposer.org/doc/01-basic-usage.md#installing-dependencies",
        "This file is @generated automatically"
    ],
    "content-hash": "6019763ea795139a64f5aeefb728fc69",
    "packages": [
        {
            "name": "composer/installers",
            "version": "v1.12.0",
            "source": {
                "type": "git",
                "url": "https://github.com/composer/installers.git",
                "reference": "d20a64ed3c94748397ff5973488761b22f6d3f19"
            },
            "dist": {
                "type": "zip",
                "url": "https://api.github.com/repos/composer/installers/zipball/d20a64ed3c94748397ff5973488761b22f6d3f19",
                "reference": "d20a64ed3c94748397ff5973488761b22f6d3f19",
                "shasum": ""
            },
            "require": {
                "composer-plugin-api": "^1.0 || ^2.0"
            },
            "replace": {
                "roundcube/plugin-installer": "*",
                "shama/baton": "*"
            },
            "require-dev": {
                "composer/composer": "1.6.* || ^2.0",
                "composer/semver": "^1 || ^3",
                "phpstan/phpstan": "^0.12.55",
                "phpstan/phpstan-phpunit": "^0.12.16",
                "symfony/phpunit-bridge": "^4.2 || ^5",
                "symfony/process": "^2.3"
            },
            "type": "composer-plugin",
            "extra": {
                "class": "Composer\\Installers\\Plugin",
                "branch-alias": {
                    "dev-main": "1.x-dev"
                }
            },
            "autoload": {
                "psr-4": {
                    "Composer\\Installers\\": "src/Composer/Installers"
                }
            },
            "notification-url": "https://packagist.org/downloads/",
            "license": [
                "MIT"
            ],
            "authors": [
                {
                    "name": "Kyle Robinson Young",
                    "email": "kyle@dontkry.com",
                    "homepage": "https://github.com/shama"
                }
            ],
            "description": "A multi-framework Composer library installer",
            "homepage": "https://composer.github.io/installers/",
            "keywords": [
                "Craft",
                "Dolibarr",
                "Eliasis",
                "Hurad",
                "ImageCMS",
                "Kanboard",
                "Lan Management System",
                "MODX Evo",
                "MantisBT",
                "Mautic",
                "Maya",
                "OXID",
                "Plentymarkets",
                "Porto",
                "RadPHP",
                "SMF",
                "Starbug",
                "Thelia",
                "Whmcs",
                "WolfCMS",
                "agl",
                "aimeos",
                "annotatecms",
                "attogram",
                "bitrix",
                "cakephp",
                "chef",
                "cockpit",
                "codeigniter",
                "concrete5",
                "croogo",
                "dokuwiki",
                "drupal",
                "eZ Platform",
                "elgg",
                "expressionengine",
                "fuelphp",
                "grav",
                "installer",
                "itop",
                "joomla",
                "known",
                "kohana",
                "laravel",
                "lavalite",
                "lithium",
                "magento",
                "majima",
                "mako",
                "mediawiki",
                "miaoxing",
                "modulework",
                "modx",
                "moodle",
                "osclass",
                "pantheon",
                "phpbb",
                "piwik",
                "ppi",
                "processwire",
                "puppet",
                "pxcms",
                "reindex",
                "roundcube",
                "shopware",
                "silverstripe",
                "sydes",
                "sylius",
                "symfony",
                "tastyigniter",
                "typo3",
                "wordpress",
                "yawik",
                "zend",
                "zikula"
            ],
            "support": {
                "issues": "https://github.com/composer/installers/issues",
                "source": "https://github.com/composer/installers/tree/v1.12.0"
            },
            "funding": [
                {
                    "url": "https://packagist.com",
                    "type": "custom"
                },
                {
                    "url": "https://github.com/composer",
                    "type": "github"
                },
                {
                    "url": "https://tidelift.com/funding/github/packagist/composer/composer",
                    "type": "tidelift"
                }
            ],
            "time": "2021-09-13T08:19:44+00:00"
        },
        {
            "name": "justintadlock/hybrid-breadcrumbs",
            "version": "1.0.1",
            "source": {
                "type": "git",
                "url": "https://github.com/justintadlock/hybrid-breadcrumbs.git",
                "reference": "9e06be3b12ac3855b58f4c97f352c7916dd6f91b"
            },
            "dist": {
                "type": "zip",
                "url": "https://api.github.com/repos/justintadlock/hybrid-breadcrumbs/zipball/9e06be3b12ac3855b58f4c97f352c7916dd6f91b",
                "reference": "9e06be3b12ac3855b58f4c97f352c7916dd6f91b",
                "shasum": ""
            },
            "require": {
                "php": ">=5.6"
            },
            "type": "library",
            "autoload": {
                "psr-4": {
                    "Hybrid\\Breadcrumbs\\": "src/"
                }
            },
            "notification-url": "https://packagist.org/downloads/",
            "license": [
                "GPL-2.0-or-later"
            ],
            "authors": [
                {
                    "name": "Justin Tadlock",
                    "email": "justintadlock@gmail.com",
                    "homepage": "https://themehybrid.com",
                    "role": "Developer"
                }
            ],
            "description": "A powerful breadcrumb script for inclusion with WordPress themes.",
            "homepage": "https://github.com/justintadlock/hybrid-breadcrumbs",
            "keywords": [
                "wordpress"
            ],
            "support": {
                "forum": "https://themehybrid.com/board/topics",
                "issues": "https://github.com/justintadlock/hybrid-breadcrumbs/issues",
                "source": "https://github.com/justintadlock/hybrid-breadcrumbs/tree/master"
            },
            "time": "2018-10-23T19:57:54+00:00"
        },
        {
            "name": "kucrut/vite-for-wp",
            "version": "v0.5.2",
            "source": {
                "type": "git",
                "url": "https://github.com/kucrut/vite-for-wp.git",
                "reference": "850e04b16b7bebfe6b1a276845d20bd99874fd56"
            },
            "dist": {
                "type": "zip",
                "url": "https://api.github.com/repos/kucrut/vite-for-wp/zipball/850e04b16b7bebfe6b1a276845d20bd99874fd56",
                "reference": "850e04b16b7bebfe6b1a276845d20bd99874fd56",
                "shasum": ""
            },
            "require-dev": {
                "dealerdirect/phpcodesniffer-composer-installer": "^0.7.2",
                "wp-coding-standards/wpcs": "^2.3"
            },
            "type": "library",
            "autoload": {
                "files": [
                    "vite-for-wp.php"
                ]
            },
            "notification-url": "https://packagist.org/downloads/",
            "license": [
                "GPL-2.0-only"
            ],
            "authors": [
                {
                    "name": "Dzikri Aziz"
                }
            ],
            "description": "Vite integration for WordPress plugins and themes development.",
            "support": {
                "issues": "https://github.com/kucrut/vite-for-wp/issues",
                "source": "https://github.com/kucrut/vite-for-wp/tree/v0.5.2"
            },
            "time": "2022-12-14T14:07:54+00:00"
        },
        {
            "name": "wp-bootstrap/wp-bootstrap-navwalker",
            "version": "v4.3.0",
            "source": {
                "type": "git",
                "url": "https://github.com/wp-bootstrap/wp-bootstrap-navwalker.git",
                "reference": "5d39044bcee8703d1402f7371b033c460b2e0a71"
            },
            "dist": {
                "type": "zip",
                "url": "https://api.github.com/repos/wp-bootstrap/wp-bootstrap-navwalker/zipball/5d39044bcee8703d1402f7371b033c460b2e0a71",
                "reference": "5d39044bcee8703d1402f7371b033c460b2e0a71",
                "shasum": ""
            },
            "require": {
                "composer/installers": "~1.0"
            },
            "require-dev": {
                "stevegrunwell/wp-enforcer": "^0.5.0"
            },
            "type": "library",
            "notification-url": "https://packagist.org/downloads/",
            "license": [
                "GPL-3.0+"
            ],
            "authors": [
                {
                    "name": "Brandon Hubbard"
                },
                {
                    "name": "William Patton",
                    "email": "will@pattonwebz.com"
                }
            ],
            "description": "A custom WordPress nav walker class to fully implement the Bootstrap 4 navigation style in a custom theme using the WordPress built in menu manager.",
            "support": {
                "issues": "https://github.com/wp-bootstrap/wp-bootstrap-navwalker/issues/",
                "source": "https://github.com/wp-bootstrap/wp-bootstrap-navwalker/"
            },
            "time": "2019-10-02T18:15:47+00:00"
        }
    ],
    "packages-dev": [],
    "aliases": [],
    "minimum-stability": "stable",
    "stability-flags": [],
    "prefer-stable": false,
    "prefer-lowest": false,
    "platform": [],
    "platform-dev": [],
    "plugin-api-version": "2.3.0"
}
